
Microsoft Visual Studio Solution File, Format Version 12.00
# Visual Studio Version 17
VisualStudioVersion = 17.7.34221.43
MinimumVisualStudioVersion = 10.0.40219.1
Project("{FAE04EC0-301F-11D3-BF4B-00C04F79EFBC}") = "series y pelicula usando arreglo", "series y pelicula usando arreglo\series y pelicula usando arreglo.csproj", "{357B661B-C278-4297-8B80-95FC7D604B2D}"
EndProject
Global
	GlobalSection(SolutionConfigurationPlatforms) = preSolution
		Debug|Any CPU = Debug|Any CPU
		Release|Any CPU = Release|Any CPU
	EndGlobalSection
	GlobalSection(ProjectConfigurationPlatforms) = postSolution
		{357B661B-C278-4297-8B80-95FC7D604B2D}.Debug|Any CPU.ActiveCfg = Debug|Any CPU
		{357B661B-C278-4297-8B80-95FC7D604B2D}.Debug|Any CPU.Build.0 = Debug|Any CPU
		{357B661B-C278-4297-8B80-95FC7D604B2D}.Release|Any CPU.ActiveCfg = Release|Any CPU
		{357B661B-C278-4297-8B80-95FC7D604B2D}.Release|Any CPU.Build.0 = Release|Any CPU
	EndGlobalSection
	GlobalSection(SolutionProperties) = preSolution
		HideSolutionNode = FALSE
	EndGlobalSection
	GlobalSection(ExtensibilityGlobals) = postSolution
		SolutionGuid = {13A84879-AA1B-470E-8041-3E0D8F42B4A9}
	EndGlobalSection
EndGlobal
